
Microsoft Visual Studio Solution File, Format Version 12.00
# Visual Studio 15
VisualStudioVersion = 15.0.28010.2036
MinimumVisualStudioVersion = 10.0.40219.1
Project("{FAE04EC0-301F-11D3-BF4B-00C04F79EFBC}") = "Assignment_2-HuffmanCodes", "Assignment_2-HuffmanCodes\Assignment_2-HuffmanCodes.csproj", "{11F8505F-B08E-4185-A3DE-D32973C5BA4B}"
EndProject
Global
	GlobalSection(SolutionConfigurationPlatforms) = preSolution
		Debug|Any CPU = Debug|Any CPU
		Release|Any CPU = Release|Any CPU
	EndGlobalSection
	GlobalSection(ProjectConfigurationPlatforms) = postSolution
		{11F8505F-B08E-4185-A3DE-D32973C5BA4B}.Debug|Any CPU.ActiveCfg = Debug|Any CPU
		{11F8505F-B08E-4185-A3DE-D32973C5BA4B}.Debug|Any CPU.Build.0 = Debug|Any CPU
		{11F8505F-B08E-4185-A3DE-D32973C5BA4B}.Release|Any CPU.ActiveCfg = Release|Any CPU
		{11F8505F-B08E-4185-A3DE-D32973C5BA4B}.Release|Any CPU.Build.0 = Release|Any CPU
	EndGlobalSection
	GlobalSection(SolutionProperties) = preSolution
		HideSolutionNode = FALSE
	EndGlobalSection
	GlobalSection(ExtensibilityGlobals) = postSolution
		SolutionGuid = {E4ABC100-836E-44F2-BD4B-5CD8DDBB2E81}
	EndGlobalSection
EndGlobal
